
Microsoft Visual Studio Solution File, Format Version 12.00
# Visual Studio Version 17
VisualStudioVersion = 17.0.32112.339
MinimumVisualStudioVersion = 10.0.40219.1
Project("{FAE04EC0-301F-11D3-BF4B-00C04F79EFBC}") = "NLogProject", "NLogProject.csproj", "{E2B9B0D6-6A01-4D36-B606-EDDA61C3458F}"
EndProject
Global
	GlobalSection(SolutionConfigurationPlatforms) = preSolution
		Debug|Any CPU = Debug|Any CPU
		Release|Any CPU = Release|Any CPU
	EndGlobalSection
	GlobalSection(ProjectConfigurationPlatforms) = postSolution
		{E2B9B0D6-6A01-4D36-B606-EDDA61C3458F}.Debug|Any CPU.ActiveCfg = Debug|Any CPU
		{E2B9B0D6-6A01-4D36-B606-EDDA61C3458F}.Debug|Any CPU.Build.0 = Debug|Any CPU
		{E2B9B0D6-6A01-4D36-B606-EDDA61C3458F}.Release|Any CPU.ActiveCfg = Release|Any CPU
		{E2B9B0D6-6A01-4D36-B606-EDDA61C3458F}.Release|Any CPU.Build.0 = Release|Any CPU
	EndGlobalSection
	GlobalSection(SolutionProperties) = preSolution
		HideSolutionNode = FALSE
	EndGlobalSection
	GlobalSection(ExtensibilityGlobals) = postSolution
		SolutionGuid = {07D072DB-CF53-422B-BFF4-651234923595}
	EndGlobalSection
EndGlobal
